{
  "originHash" : "e7298e09713dccccea2318dcef431e554028514de7b44f91c6092f9aeb61ffbe",
  "pins" : [
    {
      "identity" : "acarousel",
      "kind" : "remoteSourceControl",
      "location" : "https://github.com/JWAutumn/ACarousel",
      "state" : {
        "revision" : "8a322513580f21288fd87eb3a1341c247b3e2a76",
        "version" : "0.2.0"
      }
    },
    {
      "identity" : "grid",
      "kind" : "remoteSourceControl",
      "location" : "https://github.com/exyte/Grid",
      "state" : {
        "revision" : "65329599b1bbedbfd06eb5a432bab58403c27a8e",
        "version" : "1.5.0"
      }
    },
    {
      "identity" : "kingfisher",
      "kind" : "remoteSourceControl",
      "location" : "https://github.com/onevcat/Kingfisher.git",
      "state" : {
        "revision" : "c0940e241945e6378c01fbd45fd3815579d47ef5",
        "version" : "8.1.0"
      }
    },
    {
      "identity" : "reorderable",
      "kind" : "remoteSourceControl",
      "location" : "https://github.com/visfitness/reorderable",
      "state" : {
        "revision" : "beadb1aa46599ed23efe726b3e7dd02dfeef3344",
        "version" : "1.1.0"
      }
    },
    {
      "identity" : "setting",
      "kind" : "remoteSourceControl",
      "location" : "https://github.com/aheze/Setting",
      "state" : {
        "revision" : "f506b13b2024fc3e7585b6e4f8290f6f1525127c",
        "version" : "1.0.1"
      }
    }
  ],
  "version" : 3
}
